
Microsoft Visual Studio Solution File, Format Version 12.00
Project("{FAE04EC0-301F-11D3-BF4B-00C04F79EFBC}") = "libPantryDotNet", "libPantryDotNet\libPantryDotNet.csproj", "{C6D73F62-5FB0-4152-BE61-AF2210C280BA}"
EndProject
Project("{FAE04EC0-301F-11D3-BF4B-00C04F79EFBC}") = "TestApp", "TestApp\TestApp.csproj", "{3A0B8BBB-CDBA-4715-87AD-96723AE82150}"
EndProject
Global
	GlobalSection(SolutionConfigurationPlatforms) = preSolution
		Debug|Any CPU = Debug|Any CPU
		Release|Any CPU = Release|Any CPU
	EndGlobalSection
	GlobalSection(ProjectConfigurationPlatforms) = postSolution
		{C6D73F62-5FB0-4152-BE61-AF2210C280BA}.Debug|Any CPU.ActiveCfg = Debug|Any CPU
		{C6D73F62-5FB0-4152-BE61-AF2210C280BA}.Debug|Any CPU.Build.0 = Debug|Any CPU
		{C6D73F62-5FB0-4152-BE61-AF2210C280BA}.Release|Any CPU.ActiveCfg = Release|Any CPU
		{C6D73F62-5FB0-4152-BE61-AF2210C280BA}.Release|Any CPU.Build.0 = Release|Any CPU
		{3A0B8BBB-CDBA-4715-87AD-96723AE82150}.Debug|Any CPU.ActiveCfg = Debug|Any CPU
		{3A0B8BBB-CDBA-4715-87AD-96723AE82150}.Debug|Any CPU.Build.0 = Debug|Any CPU
		{3A0B8BBB-CDBA-4715-87AD-96723AE82150}.Release|Any CPU.ActiveCfg = Release|Any CPU
		{3A0B8BBB-CDBA-4715-87AD-96723AE82150}.Release|Any CPU.Build.0 = Release|Any CPU
	EndGlobalSection
EndGlobal
